
Microsoft Visual Studio Solution File, Format Version 12.00
#
Project("{2150E333-8FDC-42A3-9474-1A3956D46DE8}") = "Server", "Server", "{3BB8203B-6AD7-4533-8527-4C4F378148DD}"
EndProject
Project("{FAE04EC0-301F-11D3-BF4B-00C04F79EFBC}") = "Entities", "Server\Entities\Entities.csproj", "{F22F8196-53E0-4B91-BD88-74B08B2D4E42}"
EndProject
Project("{FAE04EC0-301F-11D3-BF4B-00C04F79EFBC}") = "RepositoryContracts", "Server\RepositoryContracts\RepositoryContracts.csproj", "{E01D1561-20AF-4AF7-9D2F-5F5BD7C0B227}"
EndProject
Project("{FAE04EC0-301F-11D3-BF4B-00C04F79EFBC}") = "InMemoryRepositories", "Server\InMemoryRepositories\InMemoryRepositories.csproj", "{153C0569-D6EC-44C2-B191-EFF109233E29}"
EndProject
Project("{FAE04EC0-301F-11D3-BF4B-00C04F79EFBC}") = "CLI", "Server\CLI\CLI.csproj", "{057D3E23-7ED7-4856-88C5-6C2ED831CC0C}"
EndProject
Project("{FAE04EC0-301F-11D3-BF4B-00C04F79EFBC}") = "FileRepositories", "Server\FileRepositories\FileRepositories.csproj", "{B5F37535-28FB-490C-8483-C5F37221BC52}"
EndProject
Project("{2150E333-8FDC-42A3-9474-1A3956D46DE8}") = "Shared", "Shared", "{AF3E9668-DDD9-4FE6-B0FA-2FF7B7D567CE}"
EndProject
Project("{FAE04EC0-301F-11D3-BF4B-00C04F79EFBC}") = "DTOs", "Shared\DTOs\DTOs.csproj", "{92EBFC89-E56D-4256-94BE-18A5779760B6}"
EndProject
Project("{FAE04EC0-301F-11D3-BF4B-00C04F79EFBC}") = "WebAPI", "Server\WebAPI\WebAPI.csproj", "{0FD89DD2-91D4-4337-986D-E91291C22307}"
EndProject
Project("{2150E333-8FDC-42A3-9474-1A3956D46DE8}") = "Client", "Client", "{AA959841-F7DF-466D-89BB-EAC9C4DAAA9B}"
EndProject
Project("{FAE04EC0-301F-11D3-BF4B-00C04F79EFBC}") = "AssignmentApp", "Client\AssignmentApp\AssignmentApp.csproj", "{98C27AA4-21A4-4872-AEE4-3BE319EBA7F1}"
EndProject
Project("{FAE04EC0-301F-11D3-BF4B-00C04F79EFBC}") = "EFCRepositories", "Server\EFCRepositories\EFCRepositories.csproj", "{870460A4-350A-4C5E-8712-84347F496F0F}"
EndProject
Global
	GlobalSection(SolutionConfigurationPlatforms) = preSolution
		Debug|Any CPU = Debug|Any CPU
		Release|Any CPU = Release|Any CPU
	EndGlobalSection
	GlobalSection(NestedProjects) = preSolution
		{F22F8196-53E0-4B91-BD88-74B08B2D4E42} = {3BB8203B-6AD7-4533-8527-4C4F378148DD}
		{E01D1561-20AF-4AF7-9D2F-5F5BD7C0B227} = {3BB8203B-6AD7-4533-8527-4C4F378148DD}
		{153C0569-D6EC-44C2-B191-EFF109233E29} = {3BB8203B-6AD7-4533-8527-4C4F378148DD}
		{057D3E23-7ED7-4856-88C5-6C2ED831CC0C} = {3BB8203B-6AD7-4533-8527-4C4F378148DD}
		{B5F37535-28FB-490C-8483-C5F37221BC52} = {3BB8203B-6AD7-4533-8527-4C4F378148DD}
		{92EBFC89-E56D-4256-94BE-18A5779760B6} = {AF3E9668-DDD9-4FE6-B0FA-2FF7B7D567CE}
		{0FD89DD2-91D4-4337-986D-E91291C22307} = {3BB8203B-6AD7-4533-8527-4C4F378148DD}
		{98C27AA4-21A4-4872-AEE4-3BE319EBA7F1} = {AA959841-F7DF-466D-89BB-EAC9C4DAAA9B}
		{870460A4-350A-4C5E-8712-84347F496F0F} = {3BB8203B-6AD7-4533-8527-4C4F378148DD}
	EndGlobalSection
	GlobalSection(ProjectConfigurationPlatforms) = postSolution
		{F22F8196-53E0-4B91-BD88-74B08B2D4E42}.Debug|Any CPU.ActiveCfg = Debug|Any CPU
		{F22F8196-53E0-4B91-BD88-74B08B2D4E42}.Debug|Any CPU.Build.0 = Debug|Any CPU
		{F22F8196-53E0-4B91-BD88-74B08B2D4E42}.Release|Any CPU.ActiveCfg = Release|Any CPU
		{F22F8196-53E0-4B91-BD88-74B08B2D4E42}.Release|Any CPU.Build.0 = Release|Any CPU
		{E01D1561-20AF-4AF7-9D2F-5F5BD7C0B227}.Debug|Any CPU.ActiveCfg = Debug|Any CPU
		{E01D1561-20AF-4AF7-9D2F-5F5BD7C0B227}.Debug|Any CPU.Build.0 = Debug|Any CPU
		{E01D1561-20AF-4AF7-9D2F-5F5BD7C0B227}.Release|Any CPU.ActiveCfg = Release|Any CPU
		{E01D1561-20AF-4AF7-9D2F-5F5BD7C0B227}.Release|Any CPU.Build.0 = Release|Any CPU
		{153C0569-D6EC-44C2-B191-EFF109233E29}.Debug|Any CPU.ActiveCfg = Debug|Any CPU
		{153C0569-D6EC-44C2-B191-EFF109233E29}.Debug|Any CPU.Build.0 = Debug|Any CPU
		{153C0569-D6EC-44C2-B191-EFF109233E29}.Release|Any CPU.ActiveCfg = Release|Any CPU
		{153C0569-D6EC-44C2-B191-EFF109233E29}.Release|Any CPU.Build.0 = Release|Any CPU
		{057D3E23-7ED7-4856-88C5-6C2ED831CC0C}.Debug|Any CPU.ActiveCfg = Debug|Any CPU
		{057D3E23-7ED7-4856-88C5-6C2ED831CC0C}.Debug|Any CPU.Build.0 = Debug|Any CPU
		{057D3E23-7ED7-4856-88C5-6C2ED831CC0C}.Release|Any CPU.ActiveCfg = Release|Any CPU
		{057D3E23-7ED7-4856-88C5-6C2ED831CC0C}.Release|Any CPU.Build.0 = Release|Any CPU
		{B5F37535-28FB-490C-8483-C5F37221BC52}.Debug|Any CPU.ActiveCfg = Debug|Any CPU
		{B5F37535-28FB-490C-8483-C5F37221BC52}.Debug|Any CPU.Build.0 = Debug|Any CPU
		{B5F37535-28FB-490C-8483-C5F37221BC52}.Release|Any CPU.ActiveCfg = Release|Any CPU
		{B5F37535-28FB-490C-8483-C5F37221BC52}.Release|Any CPU.Build.0 = Release|Any CPU
		{92EBFC89-E56D-4256-94BE-18A5779760B6}.Debug|Any CPU.ActiveCfg = Debug|Any CPU
		{92EBFC89-E56D-4256-94BE-18A5779760B6}.Debug|Any CPU.Build.0 = Debug|Any CPU
		{92EBFC89-E56D-4256-94BE-18A5779760B6}.Release|Any CPU.ActiveCfg = Release|Any CPU
		{92EBFC89-E56D-4256-94BE-18A5779760B6}.Release|Any CPU.Build.0 = Release|Any CPU
		{0FD89DD2-91D4-4337-986D-E91291C22307}.Debug|Any CPU.ActiveCfg = Debug|Any CPU
		{0FD89DD2-91D4-4337-986D-E91291C22307}.Debug|Any CPU.Build.0 = Debug|Any CPU
		{0FD89DD2-91D4-4337-986D-E91291C22307}.Release|Any CPU.ActiveCfg = Release|Any CPU
		{0FD89DD2-91D4-4337-986D-E91291C22307}.Release|Any CPU.Build.0 = Release|Any CPU
		{98C27AA4-21A4-4872-AEE4-3BE319EBA7F1}.Debug|Any CPU.ActiveCfg = Debug|Any CPU
		{98C27AA4-21A4-4872-AEE4-3BE319EBA7F1}.Debug|Any CPU.Build.0 = Debug|Any CPU
		{98C27AA4-21A4-4872-AEE4-3BE319EBA7F1}.Release|Any CPU.ActiveCfg = Release|Any CPU
		{98C27AA4-21A4-4872-AEE4-3BE319EBA7F1}.Release|Any CPU.Build.0 = Release|Any CPU
		{870460A4-350A-4C5E-8712-84347F496F0F}.Debug|Any CPU.ActiveCfg = Debug|Any CPU
		{870460A4-350A-4C5E-8712-84347F496F0F}.Debug|Any CPU.Build.0 = Debug|Any CPU
		{870460A4-350A-4C5E-8712-84347F496F0F}.Release|Any CPU.ActiveCfg = Release|Any CPU
		{870460A4-350A-4C5E-8712-84347F496F0F}.Release|Any CPU.Build.0 = Release|Any CPU
	EndGlobalSection
EndGlobal
